
Microsoft Visual Studio Solution File, Format Version 12.00
# Visual Studio Version 16
VisualStudioVersion = 16.0.30523.141
MinimumVisualStudioVersion = 10.0.40219.1
Project("{9A19103F-16F7-4668-BE54-9A1E7A4F7556}") = "DiscordOgerBotWeb", "OgerBot\DiscordOgerBotWeb.csproj", "{0D137AEC-6B54-4C92-8D92-D116DC8E5365}"
EndProject
Global
	GlobalSection(SolutionConfigurationPlatforms) = preSolution
		Debug|Any CPU = Debug|Any CPU
		Release|Any CPU = Release|Any CPU
	EndGlobalSection
	GlobalSection(ProjectConfigurationPlatforms) = postSolution
		{0D137AEC-6B54-4C92-8D92-D116DC8E5365}.Debug|Any CPU.ActiveCfg = Debug|Any CPU
		{0D137AEC-6B54-4C92-8D92-D116DC8E5365}.Debug|Any CPU.Build.0 = Debug|Any CPU
		{0D137AEC-6B54-4C92-8D92-D116DC8E5365}.Release|Any CPU.ActiveCfg = Release|Any CPU
		{0D137AEC-6B54-4C92-8D92-D116DC8E5365}.Release|Any CPU.Build.0 = Release|Any CPU
	EndGlobalSection
	GlobalSection(SolutionProperties) = preSolution
		HideSolutionNode = FALSE
	EndGlobalSection
	GlobalSection(ExtensibilityGlobals) = postSolution
		SolutionGuid = {97C3640C-EAE9-42DC-A59A-7FEEE58F36E4}
	EndGlobalSection
EndGlobal
